// !$*UTF8*$!
{
	archiveVersion = 1;
	classes = {
	};
	objectVersion = 48;
	objects = {

/* Begin PBXBuildFile section */
		3D0894F51FDA2D930082B7B9 /* AppDelegate.swift in Sources */ = {isa = PBXBuildFile; fileRef = 3D0894F41FDA2D930082B7B9 /* AppDelegate.swift */; };
		3D0894F71FDA2D930082B7B9 /* ViewController.swift in Sources */ = {isa = PBXBuildFile; fileRef = 3D0894F61FDA2D930082B7B9 /* ViewController.swift */; };
		3D0894FA1FDA2D930082B7B9 /* Main.storyboard in Resources */ = {isa = PBXBuildFile; fileRef = 3D0894F81FDA2D930082B7B9 /* Main.storyboard */; };
		3D0894FC1FDA2D930082B7B9 /* Assets.xcassets in Resources */ = {isa = PBXBuildFile; fileRef = 3D0894FB1FDA2D930082B7B9 /* Assets.xcassets */; };
		3D0894FF1FDA2D930082B7B9 /* LaunchScreen.storyboard in Resources */ = {isa = PBXBuildFile; fileRef = 3D0894FD1FDA2D930082B7B9 /* LaunchScreen.storyboard */; };
		3D08950A1FDA2D930082B7B9 /* SFSwiftStudyTests.swift in Sources */ = {isa = PBXBuildFile; fileRef = 3D0895091FDA2D930082B7B9 /* SFSwiftStudyTests.swift */; };
		3D0895151FDA2D930082B7B9 /* SFSwiftStudyUITests.swift in Sources */ = {isa = PBXBuildFile; fileRef = 3D0895141FDA2D930082B7B9 /* SFSwiftStudyUITests.swift */; };
/* End PBXBuildFile section */

/* Begin PBXContainerItemProxy section */
		3D0895061FDA2D930082B7B9 /* PBXContainerItemProxy */ = {
			isa = PBXContainerItemProxy;
			containerPortal = 3D0894E91FDA2D930082B7B9 /* Project object */;
			proxyType = 1;
			remoteGlobalIDString = 3D0894F01FDA2D930082B7B9;
			remoteInfo = SFSwiftStudy;
		};
		3D0895111FDA2D930082B7B9 /* PBXContainerItemProxy */ = {
			isa = PBXContainerItemProxy;
			containerPortal = 3D0894E91FDA2D930082B7B9 /* Project object */;
			proxyType = 1;
			remoteGlobalIDString = 3D0894F01FDA2D930082B7B9;
			remoteInfo = SFSwiftStudy;
		};
/* End PBXContainerItemProxy section */

/* Begin PBXFileReference section */
		3D0894F11FDA2D930082B7B9 /* SFSwiftStudy.app */ = {isa = PBXFileReference; explicitFileType = wrapper.application; includeInIndex = 0; path = SFSwiftStudy.app; sourceTree = BUILT_PRODUCTS_DIR; };
		3D0894F41FDA2D930082B7B9 /* AppDelegate.swift */ = {isa = PBXFileReference; lastKnownFileType = sourcecode.swift; path = AppDelegate.swift; sourceTree = "<group>"; };
		3D0894F61FDA2D930082B7B9 /* ViewController.swift */ = {isa = PBXFileReference; lastKnownFileType = sourcecode.swift; path = ViewController.swift; sourceTree = "<group>"; };
		3D0894F91FDA2D930082B7B9 /* Base */ = {isa = PBXFileReference; lastKnownFileType = file.storyboard; name = Base; path = Base.lproj/Main.storyboard; sourceTree = "<group>"; };
		3D0894FB1FDA2D930082B7B9 /* Assets.xcassets */ = {isa = PBXFileReference; lastKnownFileType = folder.assetcatalog; path = Assets.xcassets; sourceTree = "<group>"; };
		3D0894FE1FDA2D930082B7B9 /* Base */ = {isa = PBXFileReference; lastKnownFileType = file.storyboard; name = Base; path = Base.lproj/LaunchScreen.storyboard; sourceTree = "<group>"; };
		3D0895001FDA2D930082B7B9 /* Info.plist */ = {isa = PBXFileReference; lastKnownFileType = text.plist.xml; path = Info.plist; sourceTree = "<group>"; };
		3D0895051FDA2D930082B7B9 /* SFSwiftStudyTests.xctest */ = {isa = PBXFileReference; explicitFileType = wrapper.cfbundle; includeInIndex = 0; path = SFSwiftStudyTests.xctest; sourceTree = BUILT_PRODUCTS_DIR; };
		3D0895091FDA2D930082B7B9 /* SFSwiftStudyTests.swift */ = {isa = PBXFileReference; lastKnownFileType = sourcecode.swift; path = SFSwiftStudyTests.swift; sourceTree = "<group>"; };
		3D08950B1FDA2D930082B7B9 /* Info.plist */ = {isa = PBXFileReference; lastKnownFileType = text.plist.xml; path = Info.plist; sourceTree = "<group>"; };
		3D0895101FDA2D930082B7B9 /* SFSwiftStudyUITests.xctest */ = {isa = PBXFileReference; explicitFileType = wrapper.cfbundle; includeInIndex = 0; path = SFSwiftStudyUITests.xctest; sourceTree = BUILT_PRODUCTS_DIR; };
		3D0895141FDA2D930082B7B9 /* SFSwiftStudyUITests.swift */ = {isa = PBXFileReference; lastKnownFileType = sourcecode.swift; path = SFSwiftStudyUITests.swift; sourceTree = "<group>"; };
		3D0895161FDA2D930082B7B9 /* Info.plist */ = {isa = PBXFileReference; lastKnownFileType = text.plist.xml; path = Info.plist; sourceTree = "<group>"; };
/* End PBXFileReference section */

/* Begin PBXFrameworksBuildPhase section */
		3D0894EE1FDA2D930082B7B9 /* Frameworks */ = {
			isa = PBXFrameworksBuildPhase;
			buildActionMask = 2147483647;
			files = (
			);
			runOnlyForDeploymentPostprocessing = 0;
		};
		3D0895021FDA2D930082B7B9 /* Frameworks */ = {
			isa = PBXFrameworksBuildPhase;
			buildActionMask = 2147483647;
			files = (
			);
			runOnlyForDeploymentPostprocessing = 0;
		};
		3D08950D1FDA2D930082B7B9 /* Frameworks */ = {
			isa = PBXFrameworksBuildPhase;
			buildActionMask = 2147483647;
			files = (
			);
			runOnlyForDeploymentPostprocessing = 0;
		};
/* End PBXFrameworksBuildPhase section */

/* Begin PBXGroup section */
		3D0894E81FDA2D930082B7B9 = {
			isa = PBXGroup;
			children = (
				3D0894F31FDA2D930082B7B9 /* SFSwiftStudy */,
				3D0895081FDA2D930082B7B9 /* SFSwiftStudyTests */,
				3D0895131FDA2D930082B7B9 /* SFSwiftStudyUITests */,
				3D0894F21FDA2D930082B7B9 /* Products */,
			);
			sourceTree = "<group>";
		};
		3D0894F21FDA2D930082B7B9 /* Products */ = {
			isa = PBXGroup;
			children = (
				3D0894F11FDA2D930082B7B9 /* SFSwiftStudy.app */,
				3D0895051FDA2D930082B7B9 /* SFSwiftStudyTests.xctest */,
				3D0895101FDA2D930082B7B9 /* SFSwiftStudyUITests.xctest */,
			);
			name = Products;
			sourceTree = "<group>";
		};
		3D0894F31FDA2D930082B7B9 /* SFSwiftStudy */ = {
			isa = PBXGroup;
			children = (
				3D0894F41FDA2D930082B7B9 /* AppDelegate.swift */,
				3D0894F61FDA2D930082B7B9 /* ViewController.swift */,
				3D0894F81FDA2D930082B7B9 /* Main.storyboard */,
				3D0894FB1FDA2D930082B7B9 /* Assets.xcassets */,
				3D0894FD1FDA2D930082B7B9 /* LaunchScreen.storyboard */,
				3D0895001FDA2D930082B7B9 /* Info.plist */,
			);
			path = SFSwiftStudy;
			sourceTree = "<group>";
		};
		3D0895081FDA2D930082B7B9 /* SFSwiftStudyTests */ = {
			isa = PBXGroup;
			children = (
				3D0895091FDA2D930082B7B9 /* SFSwiftStudyTests.swift */,
				3D08950B1FDA2D930082B7B9 /* Info.plist */,
			);
			path = SFSwiftStudyTests;
			sourceTree = "<group>";
		};
		3D0895131FDA2D930082B7B9 /* SFSwiftStudyUITests */ = {
			isa = PBXGroup;
			children = (
				3D0895141FDA2D930082B7B9 /* SFSwiftStudyUITests.swift */,
				3D0895161FDA2D930082B7B9 /* Info.plist */,
			);
			path = SFSwiftStudyUITests;
			sourceTree = "<group>";
		};
/* End PBXGroup section */

/* Begin PBXNativeTarget section */
		3D0894F01FDA2D930082B7B9 /* SFSwiftStudy */ = {
			isa = PBXNativeTarget;
			buildConfigurationList = 3D0895191FDA2D930082B7B9 /* Build configuration list for PBXNativeTarget "SFSwiftStudy" */;
			buildPhases = (
				3D0894ED1FDA2D930082B7B9 /* Sources */,
				3D0894EE1FDA2D930082B7B9 /* Frameworks */,
				3D0894EF1FDA2D930082B7B9 /* Resources */,
			);
			buildRules = (
			);
			dependencies = (
			);
			name = SFSwiftStudy;
			productName = SFSwiftStudy;
			productReference = 3D0894F11FDA2D930082B7B9 /* SFSwiftStudy.app */;
			productType = "com.apple.product-type.application";
		};
		3D0895041FDA2D930082B7B9 /* SFSwiftStudyTests */ = {
			isa = PBXNativeTarget;
			buildConfigurationList = 3D08951C1FDA2D930082B7B9 /* Build configuration list for PBXNativeTarget "SFSwiftStudyTests" */;
			buildPhases = (
				3D0895011FDA2D930082B7B9 /* Sources */,
				3D0895021FDA2D930082B7B9 /* Frameworks */,
				3D0895031FDA2D930082B7B9 /* Resources */,
			);
			buildRules = (
			);
			dependencies = (
				3D0895071FDA2D930082B7B9 /* PBXTargetDependency */,
			);
			name = SFSwiftStudyTests;
			productName = SFSwiftStudyTests;
			productReference = 3D0895051FDA2D930082B7B9 /* SFSwiftStudyTests.xctest */;
			productType = "com.apple.product-type.bundle.unit-test";
		};
		3D08950F1FDA2D930082B7B9 /* SFSwiftStudyUITests */ = {
			isa = PBXNativeTarget;
			buildConfigurationList = 3D08951F1FDA2D930082B7B9 /* Build configuration list for PBXNativeTarget "SFSwiftStudyUITests" */;
			buildPhases = (
				3D08950C1FDA2D930082B7B9 /* Sources */,
				3D08950D1FDA2D930082B7B9 /* Frameworks */,
				3D08950E1FDA2D930082B7B9 /* Resources */,
			);
			buildRules = (
			);
			dependencies = (
				3D0895121FDA2D930082B7B9 /* PBXTargetDependency */,
			);
			name = SFSwiftStudyUITests;
			productName = SFSwiftStudyUITests;
			productReference = 3D0895101FDA2D930082B7B9 /* SFSwiftStudyUITests.xctest */;
			productType = "com.apple.product-type.bundle.ui-testing";
		};
/* End PBXNativeTarget section */

/* Begin PBXProject section */
		3D0894E91FDA2D930082B7B9 /* Project object */ = {
			isa = PBXProject;
			attributes = {
				LastSwiftUpdateCheck = 0910;
				LastUpgradeCheck = 0910;
				ORGANIZATIONNAME = happy;
				TargetAttributes = {
					3D0894F01FDA2D930082B7B9 = {
						CreatedOnToolsVersion = 9.1;
						ProvisioningStyle = Automatic;
					};
					3D0895041FDA2D930082B7B9 = {
						CreatedOnToolsVersion = 9.1;
						ProvisioningStyle = Automatic;
						TestTargetID = 3D0894F01FDA2D930082B7B9;
					};
					3D08950F1FDA2D930082B7B9 = {
						CreatedOnToolsVersion = 9.1;
						ProvisioningStyle = Automatic;
						TestTargetID = 3D0894F01FDA2D930082B7B9;
					};
				};
			};
			buildConfigurationList = 3D0894EC1FDA2D930082B7B9 /* Build configuration list for PBXProject "SFSwiftStudy" */;
			compatibilityVersion = "Xcode 8.0";
			developmentRegion = en;
			hasScannedForEncodings = 0;
			knownRegions = (
				en,
				Base,
			);
			mainGroup = 3D0894E81FDA2D930082B7B9;
			productRefGroup = 3D0894F21FDA2D930082B7B9 /* Products */;
			projectDirPath = "";
			projectRoot = "";
			targets = (
				3D0894F01FDA2D930082B7B9 /* SFSwiftStudy */,
				3D0895041FDA2D930082B7B9 /* SFSwiftStudyTests */,
				3D08950F1FDA2D930082B7B9 /* SFSwiftStudyUITests */,
			);
		};
/* End PBXProject section */

/* Begin PBXResourcesBuildPhase section */
		3D0894EF1FDA2D930082B7B9 /* Resources */ = {
			isa = PBXResourcesBuildPhase;
			buildActionMask = 2147483647;
			files = (
				3D0894FF1FDA2D930082B7B9 /* LaunchScreen.storyboard in Resources */,
				3D0894FC1FDA2D930082B7B9 /* Assets.xcassets in Resources */,
				3D0894FA1FDA2D930082B7B9 /* Main.storyboard in Resources */,
			);
			runOnlyForDeploymentPostprocessing = 0;
		};
		3D0895031FDA2D930082B7B9 /* Resources */ = {
			isa = PBXResourcesBuildPhase;
			buildActionMask = 2147483647;
			files = (
			);
			runOnlyForDeploymentPostprocessing = 0;
		};
		3D08950E1FDA2D930082B7B9 /* Resources */ = {
			isa = PBXResourcesBuildPhase;
			buildActionMask = 2147483647;
			files = (
			);
			runOnlyForDeploymentPostprocessing = 0;
		};
/* End PBXResourcesBuildPhase section */

/* Begin PBXSourcesBuildPhase section */
		3D0894ED1FDA2D930082B7B9 /* Sources */ = {
			isa = PBXSourcesBuildPhase;
			buildActionMask = 2147483647;
			files = (
				3D0894F71FDA2D930082B7B9 /* ViewController.swift in Sources */,
				3D0894F51FDA2D930082B7B9 /* AppDelegate.swift in Sources */,
			);
			runOnlyForDeploymentPostprocessing = 0;
		};
		3D0895011FDA2D930082B7B9 /* Sources */ = {
			isa = PBXSourcesBuildPhase;
			buildActionMask = 2147483647;
			files = (
				3D08950A1FDA2D930082B7B9 /* SFSwiftStudyTests.swift in Sources */,
			);
			runOnlyForDeploymentPostprocessing = 0;
		};
		3D08950C1FDA2D930082B7B9 /* Sources */ = {
			isa = PBXSourcesBuildPhase;
			buildActionMask = 2147483647;
			files = (
				3D0895151FDA2D930082B7B9 /* SFSwiftStudyUITests.swift in Sources */,
			);
			runOnlyForDeploymentPostprocessing = 0;
		};
/* End PBXSourcesBuildPhase section */

/* Begin PBXTargetDependency section */
		3D0895071FDA2D930082B7B9 /* PBXTargetDependency */ = {
			isa = PBXTargetDependency;
			target = 3D0894F01FDA2D930082B7B9 /* SFSwiftStudy */;
			targetProxy = 3D0895061FDA2D930082B7B9 /* PBXContainerItemProxy */;
		};
		3D0895121FDA2D930082B7B9 /* PBXTargetDependency */ = {
			isa = PBXTargetDependency;
			target = 3D0894F01FDA2D930082B7B9 /* SFSwiftStudy */;
			targetProxy = 3D0895111FDA2D930082B7B9 /* PBXContainerItemProxy */;
		};
/* End PBXTargetDependency section */

/* Begin PBXVariantGroup section */
		3D0894F81FDA2D930082B7B9 /* Main.storyboard */ = {
			isa = PBXVariantGroup;
			children = (
				3D0894F91FDA2D930082B7B9 /* Base */,
			);
			name = Main.storyboard;
			sourceTree = "<group>";
		};
		3D0894FD1FDA2D930082B7B9 /* LaunchScreen.storyboard */ = {
			isa = PBXVariantGroup;
			children = (
				3D0894FE1FDA2D930082B7B9 /* Base */,
			);
			name = LaunchScreen.storyboard;
			sourceTree = "<group>";
		};
/* End PBXVariantGroup section */

/* Begin XCBuildConfiguration section */
		3D0895171FDA2D930082B7B9 /* Debug */ = {
			isa = XCBuildConfiguration;
			buildSettings = {
				ALWAYS_SEARCH_USER_PATHS = NO;
				CLANG_ANALYZER_NONNULL = YES;
				CLANG_ANALYZER_NUMBER_OBJECT_CONVERSION = YES_AGGRESSIVE;
				CLANG_CXX_LANGUAGE_STANDARD = "gnu++14";
				CLANG_CXX_LIBRARY = "libc++";
				CLANG_ENABLE_MODULES = YES;
				CLANG_ENABLE_OBJC_ARC = YES;
				CLANG_WARN_BLOCK_CAPTURE_AUTORELEASING = YES;
				CLANG_WARN_BOOL_CONVERSION = YES;
				CLANG_WARN_COMMA = YES;
				CLANG_WARN_CONSTANT_CONVERSION = YES;
				CLANG_WARN_DIRECT_OBJC_ISA_USAGE = YES_ERROR;
				CLANG_WARN_DOCUMENTATION_COMMENTS = YES;
				CLANG_WARN_EMPTY_BODY = YES;
				CLANG_WARN_ENUM_CONVERSION = YES;
				CLANG_WARN_INFINITE_RECURSION = YES;
				CLANG_WARN_INT_CONVERSION = YES;
				CLANG_WARN_NON_LITERAL_NULL_CONVERSION = YES;
				CLANG_WARN_OBJC_LITERAL_CONVERSION = YES;
				CLANG_WARN_OBJC_ROOT_CLASS = YES_ERROR;
				CLANG_WARN_RANGE_LOOP_ANALYSIS = YES;
				CLANG_WARN_STRICT_PROTOTYPES = YES;
				CLANG_WARN_SUSPICIOUS_MOVE = YES;
				CLANG_WARN_UNGUARDED_AVAILABILITY = YES_AGGRESSIVE;
				CLANG_WARN_UNREACHABLE_CODE = YES;
				CLANG_WARN__DUPLICATE_METHOD_MATCH = YES;
				CODE_SIGN_IDENTITY = "iPhone Developer";
				COPY_PHASE_STRIP = NO;
				DEBUG_INFORMATION_FORMAT = dwarf;
				ENABLE_STRICT_OBJC_MSGSEND = YES;
				ENABLE_TESTABILITY = YES;
				GCC_C_LANGUAGE_STANDARD = gnu11;
				GCC_DYNAMIC_NO_PIC = NO;
				GCC_NO_COMMON_BLOCKS = YES;
				GCC_OPTIMIZATION_LEVEL = 0;
				GCC_PREPROCESSOR_DEFINITIONS = (
					"DEBUG=1",
					"$(inherited)",
				);
				GCC_WARN_64_TO_32_BIT_CONVERSION = YES;
				GCC_WARN_ABOUT_RETURN_TYPE = YES_ERROR;
				GCC_WARN_UNDECLARED_SELECTOR = YES;
				GCC_WARN_UNINITIALIZED_AUTOS = YES_AGGRESSIVE;
				GCC_WARN_UNUSED_FUNCTION = YES;
				GCC_WARN_UNUSED_VARIABLE = YES;
				IPHONEOS_DEPLOYMENT_TARGET = 11.1;
				MTL_ENABLE_DEBUG_INFO = YES;
				ONLY_ACTIVE_ARCH = YES;
				SDKROOT = iphoneos;
				SWIFT_ACTIVE_COMPILATION_CONDITIONS = DEBUG;
				SWIFT_OPTIMIZATION_LEVEL = "-Onone";
			};
			name = Debug;
		};
		3D0895181FDA2D930082B7B9 /* Release */ = {
			isa = XCBuildConfiguration;
			buildSettings = {
				ALWAYS_SEARCH_USER_PATHS = NO;
				CLANG_ANALYZER_NONNULL = YES;
				CLANG_ANALYZER_NUMBER_OBJECT_CONVERSION = YES_AGGRESSIVE;
				CLANG_CXX_LANGUAGE_STANDARD = "gnu++14";
				CLANG_CXX_LIBRARY = "libc++";
				CLANG_ENABLE_MODULES = YES;
				CLANG_ENABLE_OBJC_ARC = YES;
				CLANG_WARN_BLOCK_CAPTURE_AUTORELEASING = YES;
				CLANG_WARN_BOOL_CONVERSION = YES;
				CLANG_WARN_COMMA = YES;
				CLANG_WARN_CONSTANT_CONVERSION = YES;
				CLANG_WARN_DIRECT_OBJC_ISA_USAGE = YES_ERROR;
				CLANG_WARN_DOCUMENTATION_COMMENTS = YES;
				CLANG_WARN_EMPTY_BODY = YES;
				CLANG_WARN_ENUM_CONVERSION = YES;
				CLANG_WARN_INFINITE_RECURSION = YES;
				CLANG_WARN_INT_CONVERSION = YES;
				CLANG_WARN_NON_LITERAL_NULL_CONVERSION = YES;
				CLANG_WARN_OBJC_LITERAL_CONVERSION = YES;
				CLANG_WARN_OBJC_ROOT_CLASS = YES_ERROR;
				CLANG_WARN_RANGE_LOOP_ANALYSIS = YES;
				CLANG_WARN_STRICT_PROTOTYPES = YES;
				CLANG_WARN_SUSPICIOUS_MOVE = YES;
				CLANG_WARN_UNGUARDED_AVAILABILITY = YES_AGGRESSIVE;
				CLANG_WARN_UNREACHABLE_CODE = YES;
				CLANG_WARN__DUPLICATE_METHOD_MATCH = YES;
				CODE_SIGN_IDENTITY = "iPhone Developer";
				COPY_PHASE_STRIP = NO;
				DEBUG_INFORMATION_FORMAT = "dwarf-with-dsym";
				ENABLE_NS_ASSERTIONS = NO;
				ENABLE_STRICT_OBJC_MSGSEND = YES;
				GCC_C_LANGUAGE_STANDARD = gnu11;
				GCC_NO_COMMON_BLOCKS = YES;
				GCC_WARN_64_TO_32_BIT_CONVERSION = YES;
				GCC_WARN_ABOUT_RETURN_TYPE = YES_ERROR;
				GCC_WARN_UNDECLARED_SELECTOR = YES;
				GCC_WARN_UNINITIALIZED_AUTOS = YES_AGGRESSIVE;
				GCC_WARN_UNUSED_FUNCTION = YES;
				GCC_WARN_UNUSED_VARIABLE = YES;
				IPHONEOS_DEPLOYMENT_TARGET = 11.1;
				MTL_ENABLE_DEBUG_INFO = NO;
				SDKROOT = iphoneos;
				SWIFT_OPTIMIZATION_LEVEL = "-Owholemodule";
				VALIDATE_PRODUCT = YES;
			};
			name = Release;
		};
		3D08951A1FDA2D930082B7B9 /* Debug */ = {
			isa = XCBuildConfiguration;
			buildSettings = {
				ASSETCATALOG_COMPILER_APPICON_NAME = AppIcon;
				CODE_SIGN_STYLE = Automatic;
				INFOPLIST_FILE = SFSwiftStudy/Info.plist;
				LD_RUNPATH_SEARCH_PATHS = "$(inherited) @executable_path/Frameworks";
				PRODUCT_BUNDLE_IDENTIFIER = Xingfuliangyun.SFSwiftStudy;
				PRODUCT_NAME = "$(TARGET_NAME)";
				SWIFT_VERSION = 4.0;
				TARGETED_DEVICE_FAMILY = "1,2";
			};
			name = Debug;
		};
		3D08951B1FDA2D930082B7B9 /* Release */ = {
			isa = XCBuildConfiguration;
			buildSettings = {
				ASSETCATALOG_COMPILER_APPICON_NAME = AppIcon;
				CODE_SIGN_STYLE = Automatic;
				INFOPLIST_FILE = SFSwiftStudy/Info.plist;
				LD_RUNPATH_SEARCH_PATHS = "$(inherited) @executable_path/Frameworks";
				PRODUCT_BUNDLE_IDENTIFIER = Xingfuliangyun.SFSwiftStudy;
				PRODUCT_NAME = "$(TARGET_NAME)";
				SWIFT_VERSION = 4.0;
				TARGETED_DEVICE_FAMILY = "1,2";
			};
			name = Release;
		};
		3D08951D1FDA2D930082B7B9 /* Debug */ = {
			isa = XCBuildConfiguration;
			buildSettings = {
				ALWAYS_EMBED_SWIFT_STANDARD_LIBRARIES = YES;
				BUNDLE_LOADER = "$(TEST_HOST)";
				CODE_SIGN_STYLE = Automatic;
				INFOPLIST_FILE = SFSwiftStudyTests/Info.plist;
				LD_RUNPATH_SEARCH_PATHS = "$(inherited) @executable_path/Frameworks @loader_path/Frameworks";
				PRODUCT_BUNDLE_IDENTIFIER = Xingfuliangyun.SFSwiftStudyTests;
				PRODUCT_NAME = "$(TARGET_NAME)";
				SWIFT_VERSION = 4.0;
				TARGETED_DEVICE_FAMILY = "1,2";
				TEST_HOST = "$(BUILT_PRODUCTS_DIR)/SFSwiftStudy.app/SFSwiftStudy";
			};
			name = Debug;
		};
		3D08951E1FDA2D930082B7B9 /* Release */ = {
			isa = XCBuildConfiguration;
			buildSettings = {
				ALWAYS_EMBED_SWIFT_STANDARD_LIBRARIES = YES;
				BUNDLE_LOADER = "$(TEST_HOST)";
				CODE_SIGN_STYLE = Automatic;
				INFOPLIST_FILE = SFSwiftStudyTests/Info.plist;
				LD_RUNPATH_SEARCH_PATHS = "$(inherited) @executable_path/Frameworks @loader_path/Frameworks";
				PRODUCT_BUNDLE_IDENTIFIER = Xingfuliangyun.SFSwiftStudyTests;
				PRODUCT_NAME = "$(TARGET_NAME)";
				SWIFT_VERSION = 4.0;
				TARGETED_DEVICE_FAMILY = "1,2";
				TEST_HOST = "$(BUILT_PRODUCTS_DIR)/SFSwiftStudy.app/SFSwiftStudy";
			};
			name = Release;
		};
		3D0895201FDA2D930082B7B9 /* Debug */ = {
			isa = XCBuildConfiguration;
			buildSettings = {
				ALWAYS_EMBED_SWIFT_STANDARD_LIBRARIES = YES;
				CODE_SIGN_STYLE = Automatic;
				INFOPLIST_FILE = SFSwiftStudyUITests/Info.plist;
				LD_RUNPATH_SEARCH_PATHS = "$(inherited) @executable_path/Frameworks @loader_path/Frameworks";
				PRODUCT_BUNDLE_IDENTIFIER = Xingfuliangyun.SFSwiftStudyUITests;
				PRODUCT_NAME = "$(TARGET_NAME)";
				SWIFT_VERSION = 4.0;
				TARGETED_DEVICE_FAMILY = "1,2";
				TEST_TARGET_NAME = SFSwiftStudy;
			};
			name = Debug;
		};
		3D0895211FDA2D930082B7B9 /* Release */ = {
			isa = XCBuildConfiguration;
			buildSettings = {
				ALWAYS_EMBED_SWIFT_STANDARD_LIBRARIES = YES;
				CODE_SIGN_STYLE = Automatic;
				INFOPLIST_FILE = SFSwiftStudyUITests/Info.plist;
				LD_RUNPATH_SEARCH_PATHS = "$(inherited) @executable_path/Frameworks @loader_path/Frameworks";
				PRODUCT_BUNDLE_IDENTIFIER = Xingfuliangyun.SFSwiftStudyUITests;
				PRODUCT_NAME = "$(TARGET_NAME)";
				SWIFT_VERSION = 4.0;
				TARGETED_DEVICE_FAMILY = "1,2";
				TEST_TARGET_NAME = SFSwiftStudy;
			};
			name = Release;
		};
/* End XCBuildConfiguration section */

/* Begin XCConfigurationList section */
		3D0894EC1FDA2D930082B7B9 /* Build configuration list for PBXProject "SFSwiftStudy" */ = {
			isa = XCConfigurationList;
			buildConfigurations = (
				3D0895171FDA2D930082B7B9 /* Debug */,
				3D0895181FDA2D930082B7B9 /* Release */,
			);
			defaultConfigurationIsVisible = 0;
			defaultConfigurationName = Release;
		};
		3D0895191FDA2D930082B7B9 /* Build configuration list for PBXNativeTarget "SFSwiftStudy" */ = {
			isa = XCConfigurationList;
			buildConfigurations = (
				3D08951A1FDA2D930082B7B9 /* Debug */,
				3D08951B1FDA2D930082B7B9 /* Release */,
			);
			defaultConfigurationIsVisible = 0;
			defaultConfigurationName = Release;
		};
		3D08951C1FDA2D930082B7B9 /* Build configuration list for PBXNativeTarget "SFSwiftStudyTests" */ = {
			isa = XCConfigurationList;
			buildConfigurations = (
				3D08951D1FDA2D930082B7B9 /* Debug */,
				3D08951E1FDA2D930082B7B9 /* Release */,
			);
			defaultConfigurationIsVisible = 0;
			defaultConfigurationName = Release;
		};
		3D08951F1FDA2D930082B7B9 /* Build configuration list for PBXNativeTarget "SFSwiftStudyUITests" */ = {
			isa = XCConfigurationList;
			buildConfigurations = (
				3D0895201FDA2D930082B7B9 /* Debug */,
				3D0895211FDA2D930082B7B9 /* Release */,
			);
			defaultConfigurationIsVisible = 0;
			defaultConfigurationName = Release;
		};
/* End XCConfigurationList section */
	};
	rootObject = 3D0894E91FDA2D930082B7B9 /* Project object */;
}
